// !$*UTF8*$!
{
	archiveVersion = 1;
	classes = {
	};
	objectVersion = 50;
	objects = {

/* Begin PBXBuildFile section */
		3502CD65225103E500CEDAC0 /* DesignPattern.m in Sources */ = {isa = PBXBuildFile; fileRef = 3502CD64225103E500CEDAC0 /* DesignPattern.m */; };
		3502CD66225103E500CEDAC0 /* DesignPattern.h in CopyFiles */ = {isa = PBXBuildFile; fileRef = 3502CD63225103E500CEDAC0 /* DesignPattern.h */; };
		3502CD9F22510B0E00CEDAC0 /* OtherSubscriber.m in Sources */ = {isa = PBXBuildFile; fileRef = 3502CD9022510B0E00CEDAC0 /* OtherSubscriber.m */; };
		3502CDA022510B0E00CEDAC0 /* StandardSubjectImplementation.m in Sources */ = {isa = PBXBuildFile; fileRef = 3502CD9122510B0E00CEDAC0 /* StandardSubjectImplementation.m */; };
		3502CDA122510B0E00CEDAC0 /* SomeSubscriber.m in Sources */ = {isa = PBXBuildFile; fileRef = 3502CD9322510B0E00CEDAC0 /* SomeSubscriber.m */; };
		3502CDA222510B0E00CEDAC0 /* NumberTextFieldValidate.m in Sources */ = {isa = PBXBuildFile; fileRef = 3502CD9622510B0E00CEDAC0 /* NumberTextFieldValidate.m */; };
		3502CDA322510B0E00CEDAC0 /* ConsumerTextField.m in Sources */ = {isa = PBXBuildFile; fileRef = 3502CD9822510B0E00CEDAC0 /* ConsumerTextField.m */; };
		3502CDA422510B0E00CEDAC0 /* InputTextFieldValidate.m in Sources */ = {isa = PBXBuildFile; fileRef = 3502CD9A22510B0E00CEDAC0 /* InputTextFieldValidate.m */; };
		3502CDA522510B0E00CEDAC0 /* LatterTextFieldValidate.m in Sources */ = {isa = PBXBuildFile; fileRef = 3502CD9B22510B0E00CEDAC0 /* LatterTextFieldValidate.m */; };
		3502CDB322510B8D00CEDAC0 /* ModelAdapter.m in Sources */ = {isa = PBXBuildFile; fileRef = 3502CDA722510B8D00CEDAC0 /* ModelAdapter.m */; };
		3502CDB422510B8D00CEDAC0 /* AbstractAdapter.m in Sources */ = {isa = PBXBuildFile; fileRef = 3502CDA822510B8D00CEDAC0 /* AbstractAdapter.m */; };
		3502CDB522510B8D00CEDAC0 /* ModelAdapterManager.m in Sources */ = {isa = PBXBuildFile; fileRef = 3502CDA922510B8D00CEDAC0 /* ModelAdapterManager.m */; };
		3502CDB622510B8D00CEDAC0 /* OtherModel.m in Sources */ = {isa = PBXBuildFile; fileRef = 3502CDAB22510B8D00CEDAC0 /* OtherModel.m */; };
		3502CDB722510B8D00CEDAC0 /* OtherModeAdapter.m in Sources */ = {isa = PBXBuildFile; fileRef = 3502CDAE22510B8D00CEDAC0 /* OtherModeAdapter.m */; };
		3502CDB822510B8D00CEDAC0 /* Model.m in Sources */ = {isa = PBXBuildFile; fileRef = 3502CDAF22510B8D00CEDAC0 /* Model.m */; };
		3502CDC322510BAA00CEDAC0 /* AbstractCellPhone.m in Sources */ = {isa = PBXBuildFile; fileRef = 3502CDB922510BAA00CEDAC0 /* AbstractCellPhone.m */; };
		3502CDC422510BAA00CEDAC0 /* DecoratorWifi.m in Sources */ = {isa = PBXBuildFile; fileRef = 3502CDBA22510BAA00CEDAC0 /* DecoratorWifi.m */; };
		3502CDC522510BAA00CEDAC0 /* Decorator.m in Sources */ = {isa = PBXBuildFile; fileRef = 3502CDBD22510BAA00CEDAC0 /* Decorator.m */; };
		3502CDC622510BAA00CEDAC0 /* NokiaPhone.m in Sources */ = {isa = PBXBuildFile; fileRef = 3502CDC022510BAA00CEDAC0 /* NokiaPhone.m */; };
		3502CDC722510BAA00CEDAC0 /* DecoratorGPS.m in Sources */ = {isa = PBXBuildFile; fileRef = 3502CDC122510BAA00CEDAC0 /* DecoratorGPS.m */; };
		3502CDCF22511C3600CEDAC0 /* DesignPatternTests.m in Sources */ = {isa = PBXBuildFile; fileRef = 3502CDCE22511C3600CEDAC0 /* DesignPatternTests.m */; };
		3502CDD122511C3600CEDAC0 /* libDesignPattern.a in Frameworks */ = {isa = PBXBuildFile; fileRef = 3502CD60225103E500CEDAC0 /* libDesignPattern.a */; };
/* End PBXBuildFile section */

/* Begin PBXContainerItemProxy section */
		3502CDD222511C3600CEDAC0 /* PBXContainerItemProxy */ = {
			isa = PBXContainerItemProxy;
			containerPortal = 3502CD58225103E500CEDAC0 /* Project object */;
			proxyType = 1;
			remoteGlobalIDString = 3502CD5F225103E500CEDAC0;
			remoteInfo = DesignPattern;
		};
/* End PBXContainerItemProxy section */

/* Begin PBXCopyFilesBuildPhase section */
		3502CD5E225103E500CEDAC0 /* CopyFiles */ = {
			isa = PBXCopyFilesBuildPhase;
			buildActionMask = 2147483647;
			dstPath = "include/$(PRODUCT_NAME)";
			dstSubfolderSpec = 16;
			files = (
				3502CD66225103E500CEDAC0 /* DesignPattern.h in CopyFiles */,
			);
			runOnlyForDeploymentPostprocessing = 0;
		};
/* End PBXCopyFilesBuildPhase section */

/* Begin PBXFileReference section */
		3502CD60225103E500CEDAC0 /* libDesignPattern.a */ = {isa = PBXFileReference; explicitFileType = archive.ar; includeInIndex = 0; path = libDesignPattern.a; sourceTree = BUILT_PRODUCTS_DIR; };
		3502CD63225103E500CEDAC0 /* DesignPattern.h */ = {isa = PBXFileReference; lastKnownFileType = sourcecode.c.h; path = DesignPattern.h; sourceTree = "<group>"; };
		3502CD64225103E500CEDAC0 /* DesignPattern.m */ = {isa = PBXFileReference; lastKnownFileType = sourcecode.c.objc; path = DesignPattern.m; sourceTree = "<group>"; };
		3502CD8D22510B0E00CEDAC0 /* StandardSubjectImplementation.h */ = {isa = PBXFileReference; fileEncoding = 4; lastKnownFileType = sourcecode.c.h; path = StandardSubjectImplementation.h; sourceTree = "<group>"; };
		3502CD8E22510B0E00CEDAC0 /* OtherSubscriber.h */ = {isa = PBXFileReference; fileEncoding = 4; lastKnownFileType = sourcecode.c.h; path = OtherSubscriber.h; sourceTree = "<group>"; };
		3502CD8F22510B0E00CEDAC0 /* SomeSubscriber.h */ = {isa = PBXFileReference; fileEncoding = 4; lastKnownFileType = sourcecode.c.h; path = SomeSubscriber.h; sourceTree = "<group>"; };
		3502CD9022510B0E00CEDAC0 /* OtherSubscriber.m */ = {isa = PBXFileReference; fileEncoding = 4; lastKnownFileType = sourcecode.c.objc; path = OtherSubscriber.m; sourceTree = "<group>"; };
		3502CD9122510B0E00CEDAC0 /* StandardSubjectImplementation.m */ = {isa = PBXFileReference; fileEncoding = 4; lastKnownFileType = sourcecode.c.objc; path = StandardSubjectImplementation.m; sourceTree = "<group>"; };
		3502CD9222510B0E00CEDAC0 /* StandardObserver.h */ = {isa = PBXFileReference; fileEncoding = 4; lastKnownFileType = sourcecode.c.h; path = StandardObserver.h; sourceTree = "<group>"; };
		3502CD9322510B0E00CEDAC0 /* SomeSubscriber.m */ = {isa = PBXFileReference; fileEncoding = 4; lastKnownFileType = sourcecode.c.objc; path = SomeSubscriber.m; sourceTree = "<group>"; };
		3502CD9522510B0E00CEDAC0 /* InputTextFieldValidate.h */ = {isa = PBXFileReference; fileEncoding = 4; lastKnownFileType = sourcecode.c.h; path = InputTextFieldValidate.h; sourceTree = "<group>"; };
		3502CD9622510B0E00CEDAC0 /* NumberTextFieldValidate.m */ = {isa = PBXFileReference; fileEncoding = 4; lastKnownFileType = sourcecode.c.objc; path = NumberTextFieldValidate.m; sourceTree = "<group>"; };
		3502CD9722510B0E00CEDAC0 /* LatterTextFieldValidate.h */ = {isa = PBXFileReference; fileEncoding = 4; lastKnownFileType = sourcecode.c.h; path = LatterTextFieldValidate.h; sourceTree = "<group>"; };
		3502CD9822510B0E00CEDAC0 /* ConsumerTextField.m */ = {isa = PBXFileReference; fileEncoding = 4; lastKnownFileType = sourcecode.c.objc; path = ConsumerTextField.m; sourceTree = "<group>"; };
		3502CD9922510B0E00CEDAC0 /* NumberTextFieldValidate.h */ = {isa = PBXFileReference; fileEncoding = 4; lastKnownFileType = sourcecode.c.h; path = NumberTextFieldValidate.h; sourceTree = "<group>"; };
		3502CD9A22510B0E00CEDAC0 /* InputTextFieldValidate.m */ = {isa = PBXFileReference; fileEncoding = 4; lastKnownFileType = sourcecode.c.objc; path = InputTextFieldValidate.m; sourceTree = "<group>"; };
		3502CD9B22510B0E00CEDAC0 /* LatterTextFieldValidate.m */ = {isa = PBXFileReference; fileEncoding = 4; lastKnownFileType = sourcecode.c.objc; path = LatterTextFieldValidate.m; sourceTree = "<group>"; };
		3502CD9C22510B0E00CEDAC0 /* ConsumerTextField.h */ = {isa = PBXFileReference; fileEncoding = 4; lastKnownFileType = sourcecode.c.h; path = ConsumerTextField.h; sourceTree = "<group>"; };
		3502CDA622510B8D00CEDAC0 /* ModelAdapterManager.h */ = {isa = PBXFileReference; fileEncoding = 4; lastKnownFileType = sourcecode.c.h; path = ModelAdapterManager.h; sourceTree = "<group>"; };
		3502CDA722510B8D00CEDAC0 /* ModelAdapter.m */ = {isa = PBXFileReference; fileEncoding = 4; lastKnownFileType = sourcecode.c.objc; path = ModelAdapter.m; sourceTree = "<group>"; };
		3502CDA822510B8D00CEDAC0 /* AbstractAdapter.m */ = {isa = PBXFileReference; fileEncoding = 4; lastKnownFileType = sourcecode.c.objc; path = AbstractAdapter.m; sourceTree = "<group>"; };
		3502CDA922510B8D00CEDAC0 /* ModelAdapterManager.m */ = {isa = PBXFileReference; fileEncoding = 4; lastKnownFileType = sourcecode.c.objc; path = ModelAdapterManager.m; sourceTree = "<group>"; };
		3502CDAA22510B8D00CEDAC0 /* OtherModel.h */ = {isa = PBXFileReference; fileEncoding = 4; lastKnownFileType = sourcecode.c.h; path = OtherModel.h; sourceTree = "<group>"; };
		3502CDAB22510B8D00CEDAC0 /* OtherModel.m */ = {isa = PBXFileReference; fileEncoding = 4; lastKnownFileType = sourcecode.c.objc; path = OtherModel.m; sourceTree = "<group>"; };
		3502CDAC22510B8D00CEDAC0 /* Model.h */ = {isa = PBXFileReference; fileEncoding = 4; lastKnownFileType = sourcecode.c.h; path = Model.h; sourceTree = "<group>"; };
		3502CDAD22510B8D00CEDAC0 /* OtherModeAdapter.h */ = {isa = PBXFileReference; fileEncoding = 4; lastKnownFileType = sourcecode.c.h; path = OtherModeAdapter.h; sourceTree = "<group>"; };
		3502CDAE22510B8D00CEDAC0 /* OtherModeAdapter.m */ = {isa = PBXFileReference; fileEncoding = 4; lastKnownFileType = sourcecode.c.objc; path = OtherModeAdapter.m; sourceTree = "<group>"; };
		3502CDAF22510B8D00CEDAC0 /* Model.m */ = {isa = PBXFileReference; fileEncoding = 4; lastKnownFileType = sourcecode.c.objc; path = Model.m; sourceTree = "<group>"; };
		3502CDB022510B8D00CEDAC0 /* AbstractAdapter.h */ = {isa = PBXFileReference; fileEncoding = 4; lastKnownFileType = sourcecode.c.h; path = AbstractAdapter.h; sourceTree = "<group>"; };
		3502CDB122510B8D00CEDAC0 /* ModelAdapter.h */ = {isa = PBXFileReference; fileEncoding = 4; lastKnownFileType = sourcecode.c.h; path = ModelAdapter.h; sourceTree = "<group>"; };
		3502CDB222510B8D00CEDAC0 /* ContentViewAdapterProtocol.h */ = {isa = PBXFileReference; fileEncoding = 4; lastKnownFileType = sourcecode.c.h; path = ContentViewAdapterProtocol.h; sourceTree = "<group>"; };
		3502CDB922510BAA00CEDAC0 /* AbstractCellPhone.m */ = {isa = PBXFileReference; fileEncoding = 4; lastKnownFileType = sourcecode.c.objc; path = AbstractCellPhone.m; sourceTree = "<group>"; };
		3502CDBA22510BAA00CEDAC0 /* DecoratorWifi.m */ = {isa = PBXFileReference; fileEncoding = 4; lastKnownFileType = sourcecode.c.objc; path = DecoratorWifi.m; sourceTree = "<group>"; };
		3502CDBB22510BAA00CEDAC0 /* NokiaPhone.h */ = {isa = PBXFileReference; fileEncoding = 4; lastKnownFileType = sourcecode.c.h; path = NokiaPhone.h; sourceTree = "<group>"; };
		3502CDBC22510BAA00CEDAC0 /* Decorator.h */ = {isa = PBXFileReference; fileEncoding = 4; lastKnownFileType = sourcecode.c.h; path = Decorator.h; sourceTree = "<group>"; };
		3502CDBD22510BAA00CEDAC0 /* Decorator.m */ = {isa = PBXFileReference; fileEncoding = 4; lastKnownFileType = sourcecode.c.objc; path = Decorator.m; sourceTree = "<group>"; };
		3502CDBE22510BAA00CEDAC0 /* DecoratorGPS.h */ = {isa = PBXFileReference; fileEncoding = 4; lastKnownFileType = sourcecode.c.h; path = DecoratorGPS.h; sourceTree = "<group>"; };
		3502CDBF22510BAA00CEDAC0 /* AbstractCellPhone.h */ = {isa = PBXFileReference; fileEncoding = 4; lastKnownFileType = sourcecode.c.h; path = AbstractCellPhone.h; sourceTree = "<group>"; };
		3502CDC022510BAA00CEDAC0 /* NokiaPhone.m */ = {isa = PBXFileReference; fileEncoding = 4; lastKnownFileType = sourcecode.c.objc; path = NokiaPhone.m; sourceTree = "<group>"; };
		3502CDC122510BAA00CEDAC0 /* DecoratorGPS.m */ = {isa = PBXFileReference; fileEncoding = 4; lastKnownFileType = sourcecode.c.objc; path = DecoratorGPS.m; sourceTree = "<group>"; };
		3502CDC222510BAA00CEDAC0 /* DecoratorWifi.h */ = {isa = PBXFileReference; fileEncoding = 4; lastKnownFileType = sourcecode.c.h; path = DecoratorWifi.h; sourceTree = "<group>"; };
		3502CDCC22511C3600CEDAC0 /* DesignPatternTests.xctest */ = {isa = PBXFileReference; explicitFileType = wrapper.cfbundle; includeInIndex = 0; path = DesignPatternTests.xctest; sourceTree = BUILT_PRODUCTS_DIR; };
		3502CDCE22511C3600CEDAC0 /* DesignPatternTests.m */ = {isa = PBXFileReference; lastKnownFileType = sourcecode.c.objc; path = DesignPatternTests.m; sourceTree = "<group>"; };
		3502CDD022511C3600CEDAC0 /* Info.plist */ = {isa = PBXFileReference; lastKnownFileType = text.plist.xml; path = Info.plist; sourceTree = "<group>"; };
/* End PBXFileReference section */

/* Begin PBXFrameworksBuildPhase section */
		3502CD5D225103E500CEDAC0 /* Frameworks */ = {
			isa = PBXFrameworksBuildPhase;
			buildActionMask = 2147483647;
			files = (
			);
			runOnlyForDeploymentPostprocessing = 0;
		};
		3502CDC922511C3600CEDAC0 /* Frameworks */ = {
			isa = PBXFrameworksBuildPhase;
			buildActionMask = 2147483647;
			files = (
				3502CDD122511C3600CEDAC0 /* libDesignPattern.a in Frameworks */,
			);
			runOnlyForDeploymentPostprocessing = 0;
		};
/* End PBXFrameworksBuildPhase section */

/* Begin PBXGroup section */
		3502CD57225103E500CEDAC0 = {
			isa = PBXGroup;
			children = (
				3502CD62225103E500CEDAC0 /* DesignPattern */,
				3502CDCD22511C3600CEDAC0 /* DesignPatternTests */,
				3502CD61225103E500CEDAC0 /* Products */,
			);
			sourceTree = "<group>";
		};
		3502CD61225103E500CEDAC0 /* Products */ = {
			isa = PBXGroup;
			children = (
				3502CD60225103E500CEDAC0 /* libDesignPattern.a */,
				3502CDCC22511C3600CEDAC0 /* DesignPatternTests.xctest */,
			);
			name = Products;
			sourceTree = "<group>";
		};
		3502CD62225103E500CEDAC0 /* DesignPattern */ = {
			isa = PBXGroup;
			children = (
				3502CD6C2251058600CEDAC0 /* DesignPattern */,
				3502CD63225103E500CEDAC0 /* DesignPattern.h */,
				3502CD64225103E500CEDAC0 /* DesignPattern.m */,
			);
			path = DesignPattern;
			sourceTree = "<group>";
		};
		3502CD6C2251058600CEDAC0 /* DesignPattern */ = {
			isa = PBXGroup;
			children = (
				3502CD9E22510B0E00CEDAC0 /* Adapter */,
				3502CD8B22510B0E00CEDAC0 /* Decoration */,
				3502CD9D22510B0E00CEDAC0 /* Mediator */,
				3502CD8C22510B0E00CEDAC0 /* Observer */,
				3502CD9422510B0E00CEDAC0 /* Strategy */,
			);
			path = DesignPattern;
			sourceTree = "<group>";
		};
		3502CD8B22510B0E00CEDAC0 /* Decoration */ = {
			isa = PBXGroup;
			children = (
				3502CDBF22510BAA00CEDAC0 /* AbstractCellPhone.h */,
				3502CDB922510BAA00CEDAC0 /* AbstractCellPhone.m */,
				3502CDBC22510BAA00CEDAC0 /* Decorator.h */,
				3502CDBD22510BAA00CEDAC0 /* Decorator.m */,
				3502CDBE22510BAA00CEDAC0 /* DecoratorGPS.h */,
				3502CDC122510BAA00CEDAC0 /* DecoratorGPS.m */,
				3502CDC222510BAA00CEDAC0 /* DecoratorWifi.h */,
				3502CDBA22510BAA00CEDAC0 /* DecoratorWifi.m */,
				3502CDBB22510BAA00CEDAC0 /* NokiaPhone.h */,
				3502CDC022510BAA00CEDAC0 /* NokiaPhone.m */,
			);
			path = Decoration;
			sourceTree = "<group>";
		};
		3502CD8C22510B0E00CEDAC0 /* Observer */ = {
			isa = PBXGroup;
			children = (
				3502CD8D22510B0E00CEDAC0 /* StandardSubjectImplementation.h */,
				3502CD8E22510B0E00CEDAC0 /* OtherSubscriber.h */,
				3502CD8F22510B0E00CEDAC0 /* SomeSubscriber.h */,
				3502CD9022510B0E00CEDAC0 /* OtherSubscriber.m */,
				3502CD9122510B0E00CEDAC0 /* StandardSubjectImplementation.m */,
				3502CD9222510B0E00CEDAC0 /* StandardObserver.h */,
				3502CD9322510B0E00CEDAC0 /* SomeSubscriber.m */,
			);
			path = Observer;
			sourceTree = "<group>";
		};
		3502CD9422510B0E00CEDAC0 /* Strategy */ = {
			isa = PBXGroup;
			children = (
				3502CD9522510B0E00CEDAC0 /* InputTextFieldValidate.h */,
				3502CD9622510B0E00CEDAC0 /* NumberTextFieldValidate.m */,
				3502CD9722510B0E00CEDAC0 /* LatterTextFieldValidate.h */,
				3502CD9822510B0E00CEDAC0 /* ConsumerTextField.m */,
				3502CD9922510B0E00CEDAC0 /* NumberTextFieldValidate.h */,
				3502CD9A22510B0E00CEDAC0 /* InputTextFieldValidate.m */,
				3502CD9B22510B0E00CEDAC0 /* LatterTextFieldValidate.m */,
				3502CD9C22510B0E00CEDAC0 /* ConsumerTextField.h */,
			);
			path = Strategy;
			sourceTree = "<group>";
		};
		3502CD9D22510B0E00CEDAC0 /* Mediator */ = {
			isa = PBXGroup;
			children = (
			);
			path = Mediator;
			sourceTree = "<group>";
		};
		3502CD9E22510B0E00CEDAC0 /* Adapter */ = {
			isa = PBXGroup;
			children = (
				3502CDB022510B8D00CEDAC0 /* AbstractAdapter.h */,
				3502CDA822510B8D00CEDAC0 /* AbstractAdapter.m */,
				3502CDB222510B8D00CEDAC0 /* ContentViewAdapterProtocol.h */,
				3502CDAC22510B8D00CEDAC0 /* Model.h */,
				3502CDAF22510B8D00CEDAC0 /* Model.m */,
				3502CDB122510B8D00CEDAC0 /* ModelAdapter.h */,
				3502CDA722510B8D00CEDAC0 /* ModelAdapter.m */,
				3502CDA622510B8D00CEDAC0 /* ModelAdapterManager.h */,
				3502CDA922510B8D00CEDAC0 /* ModelAdapterManager.m */,
				3502CDAD22510B8D00CEDAC0 /* OtherModeAdapter.h */,
				3502CDAE22510B8D00CEDAC0 /* OtherModeAdapter.m */,
				3502CDAA22510B8D00CEDAC0 /* OtherModel.h */,
				3502CDAB22510B8D00CEDAC0 /* OtherModel.m */,
			);
			path = Adapter;
			sourceTree = "<group>";
		};
		3502CDCD22511C3600CEDAC0 /* DesignPatternTests */ = {
			isa = PBXGroup;
			children = (
				3502CDCE22511C3600CEDAC0 /* DesignPatternTests.m */,
				3502CDD022511C3600CEDAC0 /* Info.plist */,
			);
			path = DesignPatternTests;
			sourceTree = "<group>";
		};
/* End PBXGroup section */

/* Begin PBXNativeTarget section */
		3502CD5F225103E500CEDAC0 /* DesignPattern */ = {
			isa = PBXNativeTarget;
			buildConfigurationList = 3502CD69225103E500CEDAC0 /* Build configuration list for PBXNativeTarget "DesignPattern" */;
			buildPhases = (
				3502CD5C225103E500CEDAC0 /* Sources */,
				3502CD5D225103E500CEDAC0 /* Frameworks */,
				3502CD5E225103E500CEDAC0 /* CopyFiles */,
			);
			buildRules = (
			);
			dependencies = (
			);
			name = DesignPattern;
			productName = DesignPattern;
			productReference = 3502CD60225103E500CEDAC0 /* libDesignPattern.a */;
			productType = "com.apple.product-type.library.static";
		};
		3502CDCB22511C3600CEDAC0 /* DesignPatternTests */ = {
			isa = PBXNativeTarget;
			buildConfigurationList = 3502CDD422511C3600CEDAC0 /* Build configuration list for PBXNativeTarget "DesignPatternTests" */;
			buildPhases = (
				3502CDC822511C3600CEDAC0 /* Sources */,
				3502CDC922511C3600CEDAC0 /* Frameworks */,
				3502CDCA22511C3600CEDAC0 /* Resources */,
			);
			buildRules = (
			);
			dependencies = (
				3502CDD322511C3600CEDAC0 /* PBXTargetDependency */,
			);
			name = DesignPatternTests;
			productName = DesignPatternTests;
			productReference = 3502CDCC22511C3600CEDAC0 /* DesignPatternTests.xctest */;
			productType = "com.apple.product-type.bundle.unit-test";
		};
/* End PBXNativeTarget section */

/* Begin PBXProject section */
		3502CD58225103E500CEDAC0 /* Project object */ = {
			isa = PBXProject;
			attributes = {
				CLASSPREFIX = OYO;
				DefaultBuildSystemTypeForWorkspace = Original;
				LastUpgradeCheck = 1000;
				ORGANIZATIONNAME = oyohotels.cn;
				TargetAttributes = {
					3502CD5F225103E500CEDAC0 = {
						CreatedOnToolsVersion = 10.0;
					};
					3502CDCB22511C3600CEDAC0 = {
						CreatedOnToolsVersion = 10.0;
					};
				};
			};
			buildConfigurationList = 3502CD5B225103E500CEDAC0 /* Build configuration list for PBXProject "DesignPattern" */;
			compatibilityVersion = "Xcode 9.3";
			developmentRegion = en;
			hasScannedForEncodings = 0;
			knownRegions = (
				en,
			);
			mainGroup = 3502CD57225103E500CEDAC0;
			productRefGroup = 3502CD61225103E500CEDAC0 /* Products */;
			projectDirPath = "";
			projectRoot = "";
			targets = (
				3502CD5F225103E500CEDAC0 /* DesignPattern */,
				3502CDCB22511C3600CEDAC0 /* DesignPatternTests */,
			);
		};
/* End PBXProject section */

/* Begin PBXResourcesBuildPhase section */
		3502CDCA22511C3600CEDAC0 /* Resources */ = {
			isa = PBXResourcesBuildPhase;
			buildActionMask = 2147483647;
			files = (
			);
			runOnlyForDeploymentPostprocessing = 0;
		};
/* End PBXResourcesBuildPhase section */

/* Begin PBXSourcesBuildPhase section */
		3502CD5C225103E500CEDAC0 /* Sources */ = {
			isa = PBXSourcesBuildPhase;
			buildActionMask = 2147483647;
			files = (
				3502CDB522510B8D00CEDAC0 /* ModelAdapterManager.m in Sources */,
				3502CDC722510BAA00CEDAC0 /* DecoratorGPS.m in Sources */,
				3502CDC622510BAA00CEDAC0 /* NokiaPhone.m in Sources */,
				3502CDC322510BAA00CEDAC0 /* AbstractCellPhone.m in Sources */,
				3502CDA022510B0E00CEDAC0 /* StandardSubjectImplementation.m in Sources */,
				3502CDA422510B0E00CEDAC0 /* InputTextFieldValidate.m in Sources */,
				3502CD9F22510B0E00CEDAC0 /* OtherSubscriber.m in Sources */,
				3502CDC522510BAA00CEDAC0 /* Decorator.m in Sources */,
				3502CDB422510B8D00CEDAC0 /* AbstractAdapter.m in Sources */,
				3502CDA522510B0E00CEDAC0 /* LatterTextFieldValidate.m in Sources */,
				3502CDB322510B8D00CEDAC0 /* ModelAdapter.m in Sources */,
				3502CD65225103E500CEDAC0 /* DesignPattern.m in Sources */,
				3502CDA222510B0E00CEDAC0 /* NumberTextFieldValidate.m in Sources */,
				3502CDA122510B0E00CEDAC0 /* SomeSubscriber.m in Sources */,
				3502CDB722510B8D00CEDAC0 /* OtherModeAdapter.m in Sources */,
				3502CDC422510BAA00CEDAC0 /* DecoratorWifi.m in Sources */,
				3502CDB822510B8D00CEDAC0 /* Model.m in Sources */,
				3502CDB622510B8D00CEDAC0 /* OtherModel.m in Sources */,
				3502CDA322510B0E00CEDAC0 /* ConsumerTextField.m in Sources */,
			);
			runOnlyForDeploymentPostprocessing = 0;
		};
		3502CDC822511C3600CEDAC0 /* Sources */ = {
			isa = PBXSourcesBuildPhase;
			buildActionMask = 2147483647;
			files = (
				3502CDCF22511C3600CEDAC0 /* DesignPatternTests.m in Sources */,
			);
			runOnlyForDeploymentPostprocessing = 0;
		};
/* End PBXSourcesBuildPhase section */

/* Begin PBXTargetDependency section */
		3502CDD322511C3600CEDAC0 /* PBXTargetDependency */ = {
			isa = PBXTargetDependency;
			target = 3502CD5F225103E500CEDAC0 /* DesignPattern */;
			targetProxy = 3502CDD222511C3600CEDAC0 /* PBXContainerItemProxy */;
		};
/* End PBXTargetDependency section */

/* Begin XCBuildConfiguration section */
		3502CD67225103E500CEDAC0 /* Debug */ = {
			isa = XCBuildConfiguration;
			buildSettings = {
				ALWAYS_SEARCH_USER_PATHS = NO;
				CLANG_ANALYZER_NONNULL = YES;
				CLANG_ANALYZER_NUMBER_OBJECT_CONVERSION = YES_AGGRESSIVE;
				CLANG_CXX_LANGUAGE_STANDARD = "gnu++14";
				CLANG_CXX_LIBRARY = "libc++";
				CLANG_ENABLE_MODULES = YES;
				CLANG_ENABLE_OBJC_ARC = YES;
				CLANG_ENABLE_OBJC_WEAK = YES;
				CLANG_WARN_BLOCK_CAPTURE_AUTORELEASING = YES;
				CLANG_WARN_BOOL_CONVERSION = YES;
				CLANG_WARN_COMMA = YES;
				CLANG_WARN_CONSTANT_CONVERSION = YES;
				CLANG_WARN_DEPRECATED_OBJC_IMPLEMENTATIONS = YES;
				CLANG_WARN_DIRECT_OBJC_ISA_USAGE = YES_ERROR;
				CLANG_WARN_DOCUMENTATION_COMMENTS = YES;
				CLANG_WARN_EMPTY_BODY = YES;
				CLANG_WARN_ENUM_CONVERSION = YES;
				CLANG_WARN_INFINITE_RECURSION = YES;
				CLANG_WARN_INT_CONVERSION = YES;
				CLANG_WARN_NON_LITERAL_NULL_CONVERSION = YES;
				CLANG_WARN_OBJC_IMPLICIT_RETAIN_SELF = YES;
				CLANG_WARN_OBJC_LITERAL_CONVERSION = YES;
				CLANG_WARN_OBJC_ROOT_CLASS = YES_ERROR;
				CLANG_WARN_RANGE_LOOP_ANALYSIS = YES;
				CLANG_WARN_STRICT_PROTOTYPES = YES;
				CLANG_WARN_SUSPICIOUS_MOVE = YES;
				CLANG_WARN_UNGUARDED_AVAILABILITY = YES_AGGRESSIVE;
				CLANG_WARN_UNREACHABLE_CODE = YES;
				CLANG_WARN__DUPLICATE_METHOD_MATCH = YES;
				CODE_SIGN_IDENTITY = "iPhone Developer";
				COPY_PHASE_STRIP = NO;
				DEBUG_INFORMATION_FORMAT = dwarf;
				ENABLE_STRICT_OBJC_MSGSEND = YES;
				ENABLE_TESTABILITY = YES;
				GCC_C_LANGUAGE_STANDARD = gnu11;
				GCC_DYNAMIC_NO_PIC = NO;
				GCC_NO_COMMON_BLOCKS = YES;
				GCC_OPTIMIZATION_LEVEL = 0;
				GCC_PREPROCESSOR_DEFINITIONS = (
					"DEBUG=1",
					"$(inherited)",
				);
				GCC_WARN_64_TO_32_BIT_CONVERSION = YES;
				GCC_WARN_ABOUT_RETURN_TYPE = YES_ERROR;
				GCC_WARN_UNDECLARED_SELECTOR = YES;
				GCC_WARN_UNINITIALIZED_AUTOS = YES_AGGRESSIVE;
				GCC_WARN_UNUSED_FUNCTION = YES;
				GCC_WARN_UNUSED_VARIABLE = YES;
				IPHONEOS_DEPLOYMENT_TARGET = 12.0;
				MTL_ENABLE_DEBUG_INFO = INCLUDE_SOURCE;
				MTL_FAST_MATH = YES;
				ONLY_ACTIVE_ARCH = YES;
				SDKROOT = iphoneos;
			};
			name = Debug;
		};
		3502CD68225103E500CEDAC0 /* Release */ = {
			isa = XCBuildConfiguration;
			buildSettings = {
				ALWAYS_SEARCH_USER_PATHS = NO;
				CLANG_ANALYZER_NONNULL = YES;
				CLANG_ANALYZER_NUMBER_OBJECT_CONVERSION = YES_AGGRESSIVE;
				CLANG_CXX_LANGUAGE_STANDARD = "gnu++14";
				CLANG_CXX_LIBRARY = "libc++";
				CLANG_ENABLE_MODULES = YES;
				CLANG_ENABLE_OBJC_ARC = YES;
				CLANG_ENABLE_OBJC_WEAK = YES;
				CLANG_WARN_BLOCK_CAPTURE_AUTORELEASING = YES;
				CLANG_WARN_BOOL_CONVERSION = YES;
				CLANG_WARN_COMMA = YES;
				CLANG_WARN_CONSTANT_CONVERSION = YES;
				CLANG_WARN_DEPRECATED_OBJC_IMPLEMENTATIONS = YES;
				CLANG_WARN_DIRECT_OBJC_ISA_USAGE = YES_ERROR;
				CLANG_WARN_DOCUMENTATION_COMMENTS = YES;
				CLANG_WARN_EMPTY_BODY = YES;
				CLANG_WARN_ENUM_CONVERSION = YES;
				CLANG_WARN_INFINITE_RECURSION = YES;
				CLANG_WARN_INT_CONVERSION = YES;
				CLANG_WARN_NON_LITERAL_NULL_CONVERSION = YES;
				CLANG_WARN_OBJC_IMPLICIT_RETAIN_SELF = YES;
				CLANG_WARN_OBJC_LITERAL_CONVERSION = YES;
				CLANG_WARN_OBJC_ROOT_CLASS = YES_ERROR;
				CLANG_WARN_RANGE_LOOP_ANALYSIS = YES;
				CLANG_WARN_STRICT_PROTOTYPES = YES;
				CLANG_WARN_SUSPICIOUS_MOVE = YES;
				CLANG_WARN_UNGUARDED_AVAILABILITY = YES_AGGRESSIVE;
				CLANG_WARN_UNREACHABLE_CODE = YES;
				CLANG_WARN__DUPLICATE_METHOD_MATCH = YES;
				CODE_SIGN_IDENTITY = "iPhone Developer";
				COPY_PHASE_STRIP = NO;
				DEBUG_INFORMATION_FORMAT = "dwarf-with-dsym";
				ENABLE_NS_ASSERTIONS = NO;
				ENABLE_STRICT_OBJC_MSGSEND = YES;
				GCC_C_LANGUAGE_STANDARD = gnu11;
				GCC_NO_COMMON_BLOCKS = YES;
				GCC_WARN_64_TO_32_BIT_CONVERSION = YES;
				GCC_WARN_ABOUT_RETURN_TYPE = YES_ERROR;
				GCC_WARN_UNDECLARED_SELECTOR = YES;
				GCC_WARN_UNINITIALIZED_AUTOS = YES_AGGRESSIVE;
				GCC_WARN_UNUSED_FUNCTION = YES;
				GCC_WARN_UNUSED_VARIABLE = YES;
				IPHONEOS_DEPLOYMENT_TARGET = 12.0;
				MTL_ENABLE_DEBUG_INFO = NO;
				MTL_FAST_MATH = YES;
				SDKROOT = iphoneos;
				VALIDATE_PRODUCT = YES;
			};
			name = Release;
		};
		3502CD6A225103E500CEDAC0 /* Debug */ = {
			isa = XCBuildConfiguration;
			buildSettings = {
				CODE_SIGN_STYLE = Automatic;
				OTHER_LDFLAGS = "-ObjC";
				PRODUCT_NAME = "$(TARGET_NAME)";
				SKIP_INSTALL = YES;
				TARGETED_DEVICE_FAMILY = "1,2";
			};
			name = Debug;
		};
		3502CD6B225103E500CEDAC0 /* Release */ = {
			isa = XCBuildConfiguration;
			buildSettings = {
				CODE_SIGN_STYLE = Automatic;
				OTHER_LDFLAGS = "-ObjC";
				PRODUCT_NAME = "$(TARGET_NAME)";
				SKIP_INSTALL = YES;
				TARGETED_DEVICE_FAMILY = "1,2";
			};
			name = Release;
		};
		3502CDD522511C3600CEDAC0 /* Debug */ = {
			isa = XCBuildConfiguration;
			buildSettings = {
				CODE_SIGN_STYLE = Automatic;
				INFOPLIST_FILE = DesignPatternTests/Info.plist;
				LD_RUNPATH_SEARCH_PATHS = (
					"$(inherited)",
					"@executable_path/Frameworks",
					"@loader_path/Frameworks",
				);
				PRODUCT_BUNDLE_IDENTIFIER = OYO.DesignPatternTests;
				PRODUCT_NAME = "$(TARGET_NAME)";
				TARGETED_DEVICE_FAMILY = "1,2";
			};
			name = Debug;
		};
		3502CDD622511C3600CEDAC0 /* Release */ = {
			isa = XCBuildConfiguration;
			buildSettings = {
				CODE_SIGN_STYLE = Automatic;
				INFOPLIST_FILE = DesignPatternTests/Info.plist;
				LD_RUNPATH_SEARCH_PATHS = (
					"$(inherited)",
					"@executable_path/Frameworks",
					"@loader_path/Frameworks",
				);
				PRODUCT_BUNDLE_IDENTIFIER = OYO.DesignPatternTests;
				PRODUCT_NAME = "$(TARGET_NAME)";
				TARGETED_DEVICE_FAMILY = "1,2";
			};
			name = Release;
		};
/* End XCBuildConfiguration section */

/* Begin XCConfigurationList section */
		3502CD5B225103E500CEDAC0 /* Build configuration list for PBXProject "DesignPattern" */ = {
			isa = XCConfigurationList;
			buildConfigurations = (
				3502CD67225103E500CEDAC0 /* Debug */,
				3502CD68225103E500CEDAC0 /* Release */,
			);
			defaultConfigurationIsVisible = 0;
			defaultConfigurationName = Release;
		};
		3502CD69225103E500CEDAC0 /* Build configuration list for PBXNativeTarget "DesignPattern" */ = {
			isa = XCConfigurationList;
			buildConfigurations = (
				3502CD6A225103E500CEDAC0 /* Debug */,
				3502CD6B225103E500CEDAC0 /* Release */,
			);
			defaultConfigurationIsVisible = 0;
			defaultConfigurationName = Release;
		};
		3502CDD422511C3600CEDAC0 /* Build configuration list for PBXNativeTarget "DesignPatternTests" */ = {
			isa = XCConfigurationList;
			buildConfigurations = (
				3502CDD522511C3600CEDAC0 /* Debug */,
				3502CDD622511C3600CEDAC0 /* Release */,
			);
			defaultConfigurationIsVisible = 0;
			defaultConfigurationName = Release;
		};
/* End XCConfigurationList section */
	};
	rootObject = 3502CD58225103E500CEDAC0 /* Project object */;
}
